
Microsoft Visual Studio Solution File, Format Version 12.00
# Visual Studio Version 17
VisualStudioVersion = 17.1.31911.260
MinimumVisualStudioVersion = 10.0.40219.1
Project("{9A19103F-16F7-4668-BE54-9A1E7A4F7556}") = "Meadow.Modbus", "Meadow.Modbus\Meadow.Modbus.csproj", "{934C99DF-77F7-432C-AA81-B5FAE23B20DF}"
EndProject
Project("{2150E333-8FDC-42A3-9474-1A3956D46DE8}") = "_External", "_External", "{13E6AFAD-9B96-4F77-A707-7DC02142B66A}"
EndProject
Project("{9A19103F-16F7-4668-BE54-9A1E7A4F7556}") = "Meadow.Contracts", "..\..\Meadow.Contracts\Source\Meadow.Contracts\Meadow.Contracts.csproj", "{8B00FCA1-8197-4A91-B438-BA2A961DE27A}"
EndProject
Global
	GlobalSection(SolutionConfigurationPlatforms) = preSolution
		Debug|Any CPU = Debug|Any CPU
		Release|Any CPU = Release|Any CPU
	EndGlobalSection
	GlobalSection(ProjectConfigurationPlatforms) = postSolution
		{934C99DF-77F7-432C-AA81-B5FAE23B20DF}.Debug|Any CPU.ActiveCfg = Debug|Any CPU
		{934C99DF-77F7-432C-AA81-B5FAE23B20DF}.Debug|Any CPU.Build.0 = Debug|Any CPU
		{934C99DF-77F7-432C-AA81-B5FAE23B20DF}.Release|Any CPU.ActiveCfg = Release|Any CPU
		{934C99DF-77F7-432C-AA81-B5FAE23B20DF}.Release|Any CPU.Build.0 = Release|Any CPU
		{8B00FCA1-8197-4A91-B438-BA2A961DE27A}.Debug|Any CPU.ActiveCfg = Debug|Any CPU
		{8B00FCA1-8197-4A91-B438-BA2A961DE27A}.Debug|Any CPU.Build.0 = Debug|Any CPU
		{8B00FCA1-8197-4A91-B438-BA2A961DE27A}.Debug|Any CPU.Deploy.0 = Debug|Any CPU
		{8B00FCA1-8197-4A91-B438-BA2A961DE27A}.Release|Any CPU.ActiveCfg = Release|Any CPU
		{8B00FCA1-8197-4A91-B438-BA2A961DE27A}.Release|Any CPU.Build.0 = Release|Any CPU
		{8B00FCA1-8197-4A91-B438-BA2A961DE27A}.Release|Any CPU.Deploy.0 = Release|Any CPU
	EndGlobalSection
	GlobalSection(SolutionProperties) = preSolution
		HideSolutionNode = FALSE
	EndGlobalSection
	GlobalSection(NestedProjects) = preSolution
		{8B00FCA1-8197-4A91-B438-BA2A961DE27A} = {13E6AFAD-9B96-4F77-A707-7DC02142B66A}
	EndGlobalSection
	GlobalSection(ExtensibilityGlobals) = postSolution
		SolutionGuid = {5FCB68E9-82F3-44F9-BF93-D9A8F55D7F9E}
	EndGlobalSection
EndGlobal
